
Microsoft Visual Studio Solution File, Format Version 12.00
# Visual Studio 2013
VisualStudioVersion = 12.0.21005.1
MinimumVisualStudioVersion = 10.0.40219.1
Project("{FAE04EC0-301F-11D3-BF4B-00C04F79EFBC}") = "ECG Signal Generator", "ECG Signal Generator\ECG Signal Generator.csproj", "{E0AADDAD-DE3E-4F01-BC4E-B5E8D1F4CA21}"
EndProject
Project("{FAE04EC0-301F-11D3-BF4B-00C04F79EFBC}") = "HRM", "HRM\HRM.csproj", "{A00C0BEB-9984-49EF-BA41-0C3B6772F42D}"
EndProject
Project("{FAE04EC0-301F-11D3-BF4B-00C04F79EFBC}") = "Cardia", "Cardia\Cardia.csproj", "{BC11D46B-F348-4642-90B8-576632E2583B}"
EndProject
Global
	GlobalSection(SolutionConfigurationPlatforms) = preSolution
		Debug|Any CPU = Debug|Any CPU
		Debug|Mixed Platforms = Debug|Mixed Platforms
		Debug|Win32 = Debug|Win32
		Debug|x86 = Debug|x86
		Release|Any CPU = Release|Any CPU
		Release|Mixed Platforms = Release|Mixed Platforms
		Release|Win32 = Release|Win32
		Release|x86 = Release|x86
	EndGlobalSection
	GlobalSection(ProjectConfigurationPlatforms) = postSolution
		{E0AADDAD-DE3E-4F01-BC4E-B5E8D1F4CA21}.Debug|Any CPU.ActiveCfg = Debug|Any CPU
		{E0AADDAD-DE3E-4F01-BC4E-B5E8D1F4CA21}.Debug|Any CPU.Build.0 = Debug|Any CPU
		{E0AADDAD-DE3E-4F01-BC4E-B5E8D1F4CA21}.Debug|Mixed Platforms.ActiveCfg = Debug|Any CPU
		{E0AADDAD-DE3E-4F01-BC4E-B5E8D1F4CA21}.Debug|Mixed Platforms.Build.0 = Debug|Any CPU
		{E0AADDAD-DE3E-4F01-BC4E-B5E8D1F4CA21}.Debug|Win32.ActiveCfg = Debug|Any CPU
		{E0AADDAD-DE3E-4F01-BC4E-B5E8D1F4CA21}.Debug|x86.ActiveCfg = Debug|Any CPU
		{E0AADDAD-DE3E-4F01-BC4E-B5E8D1F4CA21}.Release|Any CPU.ActiveCfg = Release|Any CPU
		{E0AADDAD-DE3E-4F01-BC4E-B5E8D1F4CA21}.Release|Any CPU.Build.0 = Release|Any CPU
		{E0AADDAD-DE3E-4F01-BC4E-B5E8D1F4CA21}.Release|Mixed Platforms.ActiveCfg = Release|Any CPU
		{E0AADDAD-DE3E-4F01-BC4E-B5E8D1F4CA21}.Release|Mixed Platforms.Build.0 = Release|Any CPU
		{E0AADDAD-DE3E-4F01-BC4E-B5E8D1F4CA21}.Release|Win32.ActiveCfg = Release|Any CPU
		{E0AADDAD-DE3E-4F01-BC4E-B5E8D1F4CA21}.Release|x86.ActiveCfg = Release|Any CPU
		{A00C0BEB-9984-49EF-BA41-0C3B6772F42D}.Debug|Any CPU.ActiveCfg = Debug|Any CPU
		{A00C0BEB-9984-49EF-BA41-0C3B6772F42D}.Debug|Any CPU.Build.0 = Debug|Any CPU
		{A00C0BEB-9984-49EF-BA41-0C3B6772F42D}.Debug|Mixed Platforms.ActiveCfg = Debug|Any CPU
		{A00C0BEB-9984-49EF-BA41-0C3B6772F42D}.Debug|Mixed Platforms.Build.0 = Debug|Any CPU
		{A00C0BEB-9984-49EF-BA41-0C3B6772F42D}.Debug|Win32.ActiveCfg = Debug|Any CPU
		{A00C0BEB-9984-49EF-BA41-0C3B6772F42D}.Debug|x86.ActiveCfg = Debug|Any CPU
		{A00C0BEB-9984-49EF-BA41-0C3B6772F42D}.Release|Any CPU.ActiveCfg = Release|Any CPU
		{A00C0BEB-9984-49EF-BA41-0C3B6772F42D}.Release|Any CPU.Build.0 = Release|Any CPU
		{A00C0BEB-9984-49EF-BA41-0C3B6772F42D}.Release|Mixed Platforms.ActiveCfg = Release|Any CPU
		{A00C0BEB-9984-49EF-BA41-0C3B6772F42D}.Release|Mixed Platforms.Build.0 = Release|Any CPU
		{A00C0BEB-9984-49EF-BA41-0C3B6772F42D}.Release|Win32.ActiveCfg = Release|Any CPU
		{A00C0BEB-9984-49EF-BA41-0C3B6772F42D}.Release|x86.ActiveCfg = Release|Any CPU
		{BC11D46B-F348-4642-90B8-576632E2583B}.Debug|Any CPU.ActiveCfg = Debug|x86
		{BC11D46B-F348-4642-90B8-576632E2583B}.Debug|Mixed Platforms.ActiveCfg = Debug|x86
		{BC11D46B-F348-4642-90B8-576632E2583B}.Debug|Mixed Platforms.Build.0 = Debug|x86
		{BC11D46B-F348-4642-90B8-576632E2583B}.Debug|Win32.ActiveCfg = Debug|x86
		{BC11D46B-F348-4642-90B8-576632E2583B}.Debug|x86.ActiveCfg = Debug|x86
		{BC11D46B-F348-4642-90B8-576632E2583B}.Debug|x86.Build.0 = Debug|x86
		{BC11D46B-F348-4642-90B8-576632E2583B}.Release|Any CPU.ActiveCfg = Release|x86
		{BC11D46B-F348-4642-90B8-576632E2583B}.Release|Mixed Platforms.ActiveCfg = Release|x86
		{BC11D46B-F348-4642-90B8-576632E2583B}.Release|Mixed Platforms.Build.0 = Release|x86
		{BC11D46B-F348-4642-90B8-576632E2583B}.Release|Win32.ActiveCfg = Release|x86
		{BC11D46B-F348-4642-90B8-576632E2583B}.Release|x86.ActiveCfg = Release|x86
		{BC11D46B-F348-4642-90B8-576632E2583B}.Release|x86.Build.0 = Release|x86
	EndGlobalSection
	GlobalSection(SolutionProperties) = preSolution
		HideSolutionNode = FALSE
	EndGlobalSection
EndGlobal
